
Microsoft Visual Studio Solution File, Format Version 12.00
# Visual Studio 15
VisualStudioVersion = 15.0.28306.52
MinimumVisualStudioVersion = 10.0.40219.1
Project("{FAE04EC0-301F-11D3-BF4B-00C04F79EFBC}") = "btc-tracker-binance", "btc-tracker-binance\btc-tracker-binance.csproj", "{588F1A7B-4465-4869-9266-8304B9199381}"
EndProject
Global
	GlobalSection(SolutionConfigurationPlatforms) = preSolution
		Debug|Any CPU = Debug|Any CPU
		Release|Any CPU = Release|Any CPU
	EndGlobalSection
	GlobalSection(ProjectConfigurationPlatforms) = postSolution
		{588F1A7B-4465-4869-9266-8304B9199381}.Debug|Any CPU.ActiveCfg = Debug|Any CPU
		{588F1A7B-4465-4869-9266-8304B9199381}.Debug|Any CPU.Build.0 = Debug|Any CPU
		{588F1A7B-4465-4869-9266-8304B9199381}.Release|Any CPU.ActiveCfg = Release|Any CPU
		{588F1A7B-4465-4869-9266-8304B9199381}.Release|Any CPU.Build.0 = Release|Any CPU
	EndGlobalSection
	GlobalSection(SolutionProperties) = preSolution
		HideSolutionNode = FALSE
	EndGlobalSection
	GlobalSection(ExtensibilityGlobals) = postSolution
		SolutionGuid = {C5D572A1-615E-474D-ADBC-31644C8E125C}
	EndGlobalSection
EndGlobal
